
Microsoft Visual Studio Solution File, Format Version 12.00
# Visual Studio Version 16
VisualStudioVersion = 16.0.30114.105
MinimumVisualStudioVersion = 10.0.40219.1
Project("{FAE04EC0-301F-11D3-BF4B-00C04F79EFBC}") = "Bma.Core", "..\Libraries\Bma.Core\Bma.Core.csproj", "{8CDDAE2D-462C-4FC0-BC0A-89FF41F8202E}"
EndProject
Project("{FAE04EC0-301F-11D3-BF4B-00C04F79EFBC}") = "Bma.Application", "..\Libraries\Bma.Application\Bma.Application.csproj", "{D57B73EE-C525-443B-847C-DB2F3C2AA300}"
EndProject
Project("{FAE04EC0-301F-11D3-BF4B-00C04F79EFBC}") = "Bma.Data", "..\Libraries\Bma.Data\Bma.Data.csproj", "{DEB57464-F317-4140-95BB-B4100E6A1ABF}"
EndProject
Project("{FAE04EC0-301F-11D3-BF4B-00C04F79EFBC}") = "Bma.Services", "..\Libraries\Bma.Services\Bma.Services.csproj", "{E8247A17-04BD-443E-A4BF-B2C521306F51}"
EndProject
Project("{FAE04EC0-301F-11D3-BF4B-00C04F79EFBC}") = "Bma.Presentation.Api", "..\Presentation\Bma.Presentation.Api\Bma.Presentation.Api.csproj", "{7B9810F3-82E2-441C-9BB0-F44D22FFB49B}"
EndProject
Project("{FAE04EC0-301F-11D3-BF4B-00C04F79EFBC}") = "Bma.Presentation.Framework", "..\Presentation\Bma.Presentation.Framework\Bma.Presentation.Framework.csproj", "{C028CC37-6B22-460D-997F-F85EF2BDE7A8}"
EndProject
Global
	GlobalSection(SolutionConfigurationPlatforms) = preSolution
		Debug|Any CPU = Debug|Any CPU
		Debug|x64 = Debug|x64
		Debug|x86 = Debug|x86
		Release|Any CPU = Release|Any CPU
		Release|x64 = Release|x64
		Release|x86 = Release|x86
	EndGlobalSection
	GlobalSection(SolutionProperties) = preSolution
		HideSolutionNode = FALSE
	EndGlobalSection
	GlobalSection(ProjectConfigurationPlatforms) = postSolution
		{8CDDAE2D-462C-4FC0-BC0A-89FF41F8202E}.Debug|Any CPU.ActiveCfg = Debug|Any CPU
		{8CDDAE2D-462C-4FC0-BC0A-89FF41F8202E}.Debug|Any CPU.Build.0 = Debug|Any CPU
		{8CDDAE2D-462C-4FC0-BC0A-89FF41F8202E}.Debug|x64.ActiveCfg = Debug|Any CPU
		{8CDDAE2D-462C-4FC0-BC0A-89FF41F8202E}.Debug|x64.Build.0 = Debug|Any CPU
		{8CDDAE2D-462C-4FC0-BC0A-89FF41F8202E}.Debug|x86.ActiveCfg = Debug|Any CPU
		{8CDDAE2D-462C-4FC0-BC0A-89FF41F8202E}.Debug|x86.Build.0 = Debug|Any CPU
		{8CDDAE2D-462C-4FC0-BC0A-89FF41F8202E}.Release|Any CPU.ActiveCfg = Release|Any CPU
		{8CDDAE2D-462C-4FC0-BC0A-89FF41F8202E}.Release|Any CPU.Build.0 = Release|Any CPU
		{8CDDAE2D-462C-4FC0-BC0A-89FF41F8202E}.Release|x64.ActiveCfg = Release|Any CPU
		{8CDDAE2D-462C-4FC0-BC0A-89FF41F8202E}.Release|x64.Build.0 = Release|Any CPU
		{8CDDAE2D-462C-4FC0-BC0A-89FF41F8202E}.Release|x86.ActiveCfg = Release|Any CPU
		{8CDDAE2D-462C-4FC0-BC0A-89FF41F8202E}.Release|x86.Build.0 = Release|Any CPU
		{D57B73EE-C525-443B-847C-DB2F3C2AA300}.Debug|Any CPU.ActiveCfg = Debug|Any CPU
		{D57B73EE-C525-443B-847C-DB2F3C2AA300}.Debug|Any CPU.Build.0 = Debug|Any CPU
		{D57B73EE-C525-443B-847C-DB2F3C2AA300}.Debug|x64.ActiveCfg = Debug|Any CPU
		{D57B73EE-C525-443B-847C-DB2F3C2AA300}.Debug|x64.Build.0 = Debug|Any CPU
		{D57B73EE-C525-443B-847C-DB2F3C2AA300}.Debug|x86.ActiveCfg = Debug|Any CPU
		{D57B73EE-C525-443B-847C-DB2F3C2AA300}.Debug|x86.Build.0 = Debug|Any CPU
		{D57B73EE-C525-443B-847C-DB2F3C2AA300}.Release|Any CPU.ActiveCfg = Release|Any CPU
		{D57B73EE-C525-443B-847C-DB2F3C2AA300}.Release|Any CPU.Build.0 = Release|Any CPU
		{D57B73EE-C525-443B-847C-DB2F3C2AA300}.Release|x64.ActiveCfg = Release|Any CPU
		{D57B73EE-C525-443B-847C-DB2F3C2AA300}.Release|x64.Build.0 = Release|Any CPU
		{D57B73EE-C525-443B-847C-DB2F3C2AA300}.Release|x86.ActiveCfg = Release|Any CPU
		{D57B73EE-C525-443B-847C-DB2F3C2AA300}.Release|x86.Build.0 = Release|Any CPU
		{DEB57464-F317-4140-95BB-B4100E6A1ABF}.Debug|Any CPU.ActiveCfg = Debug|Any CPU
		{DEB57464-F317-4140-95BB-B4100E6A1ABF}.Debug|Any CPU.Build.0 = Debug|Any CPU
		{DEB57464-F317-4140-95BB-B4100E6A1ABF}.Debug|x64.ActiveCfg = Debug|Any CPU
		{DEB57464-F317-4140-95BB-B4100E6A1ABF}.Debug|x64.Build.0 = Debug|Any CPU
		{DEB57464-F317-4140-95BB-B4100E6A1ABF}.Debug|x86.ActiveCfg = Debug|Any CPU
		{DEB57464-F317-4140-95BB-B4100E6A1ABF}.Debug|x86.Build.0 = Debug|Any CPU
		{DEB57464-F317-4140-95BB-B4100E6A1ABF}.Release|Any CPU.ActiveCfg = Release|Any CPU
		{DEB57464-F317-4140-95BB-B4100E6A1ABF}.Release|Any CPU.Build.0 = Release|Any CPU
		{DEB57464-F317-4140-95BB-B4100E6A1ABF}.Release|x64.ActiveCfg = Release|Any CPU
		{DEB57464-F317-4140-95BB-B4100E6A1ABF}.Release|x64.Build.0 = Release|Any CPU
		{DEB57464-F317-4140-95BB-B4100E6A1ABF}.Release|x86.ActiveCfg = Release|Any CPU
		{DEB57464-F317-4140-95BB-B4100E6A1ABF}.Release|x86.Build.0 = Release|Any CPU
		{E8247A17-04BD-443E-A4BF-B2C521306F51}.Debug|Any CPU.ActiveCfg = Debug|Any CPU
		{E8247A17-04BD-443E-A4BF-B2C521306F51}.Debug|Any CPU.Build.0 = Debug|Any CPU
		{E8247A17-04BD-443E-A4BF-B2C521306F51}.Debug|x64.ActiveCfg = Debug|Any CPU
		{E8247A17-04BD-443E-A4BF-B2C521306F51}.Debug|x64.Build.0 = Debug|Any CPU
		{E8247A17-04BD-443E-A4BF-B2C521306F51}.Debug|x86.ActiveCfg = Debug|Any CPU
		{E8247A17-04BD-443E-A4BF-B2C521306F51}.Debug|x86.Build.0 = Debug|Any CPU
		{E8247A17-04BD-443E-A4BF-B2C521306F51}.Release|Any CPU.ActiveCfg = Release|Any CPU
		{E8247A17-04BD-443E-A4BF-B2C521306F51}.Release|Any CPU.Build.0 = Release|Any CPU
		{E8247A17-04BD-443E-A4BF-B2C521306F51}.Release|x64.ActiveCfg = Release|Any CPU
		{E8247A17-04BD-443E-A4BF-B2C521306F51}.Release|x64.Build.0 = Release|Any CPU
		{E8247A17-04BD-443E-A4BF-B2C521306F51}.Release|x86.ActiveCfg = Release|Any CPU
		{E8247A17-04BD-443E-A4BF-B2C521306F51}.Release|x86.Build.0 = Release|Any CPU
		{7B9810F3-82E2-441C-9BB0-F44D22FFB49B}.Debug|Any CPU.ActiveCfg = Debug|Any CPU
		{7B9810F3-82E2-441C-9BB0-F44D22FFB49B}.Debug|Any CPU.Build.0 = Debug|Any CPU
		{7B9810F3-82E2-441C-9BB0-F44D22FFB49B}.Debug|x64.ActiveCfg = Debug|Any CPU
		{7B9810F3-82E2-441C-9BB0-F44D22FFB49B}.Debug|x64.Build.0 = Debug|Any CPU
		{7B9810F3-82E2-441C-9BB0-F44D22FFB49B}.Debug|x86.ActiveCfg = Debug|Any CPU
		{7B9810F3-82E2-441C-9BB0-F44D22FFB49B}.Debug|x86.Build.0 = Debug|Any CPU
		{7B9810F3-82E2-441C-9BB0-F44D22FFB49B}.Release|Any CPU.ActiveCfg = Release|Any CPU
		{7B9810F3-82E2-441C-9BB0-F44D22FFB49B}.Release|Any CPU.Build.0 = Release|Any CPU
		{7B9810F3-82E2-441C-9BB0-F44D22FFB49B}.Release|x64.ActiveCfg = Release|Any CPU
		{7B9810F3-82E2-441C-9BB0-F44D22FFB49B}.Release|x64.Build.0 = Release|Any CPU
		{7B9810F3-82E2-441C-9BB0-F44D22FFB49B}.Release|x86.ActiveCfg = Release|Any CPU
		{7B9810F3-82E2-441C-9BB0-F44D22FFB49B}.Release|x86.Build.0 = Release|Any CPU
		{C028CC37-6B22-460D-997F-F85EF2BDE7A8}.Debug|Any CPU.ActiveCfg = Debug|Any CPU
		{C028CC37-6B22-460D-997F-F85EF2BDE7A8}.Debug|Any CPU.Build.0 = Debug|Any CPU
		{C028CC37-6B22-460D-997F-F85EF2BDE7A8}.Debug|x64.ActiveCfg = Debug|Any CPU
		{C028CC37-6B22-460D-997F-F85EF2BDE7A8}.Debug|x64.Build.0 = Debug|Any CPU
		{C028CC37-6B22-460D-997F-F85EF2BDE7A8}.Debug|x86.ActiveCfg = Debug|Any CPU
		{C028CC37-6B22-460D-997F-F85EF2BDE7A8}.Debug|x86.Build.0 = Debug|Any CPU
		{C028CC37-6B22-460D-997F-F85EF2BDE7A8}.Release|Any CPU.ActiveCfg = Release|Any CPU
		{C028CC37-6B22-460D-997F-F85EF2BDE7A8}.Release|Any CPU.Build.0 = Release|Any CPU
		{C028CC37-6B22-460D-997F-F85EF2BDE7A8}.Release|x64.ActiveCfg = Release|Any CPU
		{C028CC37-6B22-460D-997F-F85EF2BDE7A8}.Release|x64.Build.0 = Release|Any CPU
		{C028CC37-6B22-460D-997F-F85EF2BDE7A8}.Release|x86.ActiveCfg = Release|Any CPU
		{C028CC37-6B22-460D-997F-F85EF2BDE7A8}.Release|x86.Build.0 = Release|Any CPU
	EndGlobalSection
EndGlobal
